// !$*UTF8*$!
{
	archiveVersion = 1;
	classes = {
	};
	objectVersion = 46;
	objects = {

/* Begin PBXBuildFile section */
		55291EBB17BBD4F700512F2E /* UIKit.framework in Frameworks */ = {isa = PBXBuildFile; fileRef = 55291EBA17BBD4F700512F2E /* UIKit.framework */; };
		55291EBD17BBD4F700512F2E /* Foundation.framework in Frameworks */ = {isa = PBXBuildFile; fileRef = 55291EBC17BBD4F700512F2E /* Foundation.framework */; };
		55291EBF17BBD4F700512F2E /* CoreGraphics.framework in Frameworks */ = {isa = PBXBuildFile; fileRef = 55291EBE17BBD4F700512F2E /* CoreGraphics.framework */; };
		55291EC517BBD4F700512F2E /* InfoPlist.strings in Resources */ = {isa = PBXBuildFile; fileRef = 55291EC317BBD4F700512F2E /* InfoPlist.strings */; };
		55291EC717BBD4F700512F2E /* main.m in Sources */ = {isa = PBXBuildFile; fileRef = 55291EC617BBD4F700512F2E /* main.m */; };
		55291ECB17BBD4F700512F2E /* AppDelegate.m in Sources */ = {isa = PBXBuildFile; fileRef = 55291ECA17BBD4F700512F2E /* AppDelegate.m */; };
		55291ECD17BBD4F700512F2E /* Default.png in Resources */ = {isa = PBXBuildFile; fileRef = 55291ECC17BBD4F700512F2E /* Default.png */; };
		55291ECF17BBD4F700512F2E /* Default@2x.png in Resources */ = {isa = PBXBuildFile; fileRef = 55291ECE17BBD4F700512F2E /* Default@2x.png */; };
		55291ED117BBD4F700512F2E /* Default-568h@2x.png in Resources */ = {isa = PBXBuildFile; fileRef = 55291ED017BBD4F700512F2E /* Default-568h@2x.png */; };
		55291ED417BBD4F700512F2E /* MainStoryboard_iPhone.storyboard in Resources */ = {isa = PBXBuildFile; fileRef = 55291ED217BBD4F700512F2E /* MainStoryboard_iPhone.storyboard */; };
		55291ED717BBD4F700512F2E /* MainStoryboard_iPad.storyboard in Resources */ = {isa = PBXBuildFile; fileRef = 55291ED517BBD4F700512F2E /* MainStoryboard_iPad.storyboard */; };
		55291EDA17BBD4F700512F2E /* ViewController.m in Sources */ = {isa = PBXBuildFile; fileRef = 55291ED917BBD4F700512F2E /* ViewController.m */; };
		553CFEDC17BD629000DF6444 /* MapKit.framework in Frameworks */ = {isa = PBXBuildFile; fileRef = 553CFEDB17BD629000DF6444 /* MapKit.framework */; };
		553CFEDF17BD63BF00DF6444 /* CrimeLocation.m in Sources */ = {isa = PBXBuildFile; fileRef = 553CFEDE17BD63BF00DF6444 /* CrimeLocation.m */; };
		553CFEE217BD65CB00DF6444 /* CrimeMapViewController.m in Sources */ = {isa = PBXBuildFile; fileRef = 553CFEE117BD65CB00DF6444 /* CrimeMapViewController.m */; };
		5544468C17C6730700C0974B /* DetailViewController.m in Sources */ = {isa = PBXBuildFile; fileRef = 5544468B17C6730700C0974B /* DetailViewController.m */; };
		55880CD717CE4D9700679AB2 /* ARSON.png in Resources */ = {isa = PBXBuildFile; fileRef = 55880CC117CE4D9700679AB2 /* ARSON.png */; };
		55880CD817CE4D9700679AB2 /* ASSAULT.png in Resources */ = {isa = PBXBuildFile; fileRef = 55880CC217CE4D9700679AB2 /* ASSAULT.png */; };
		55880CD917CE4D9700679AB2 /* BATTERY.png in Resources */ = {isa = PBXBuildFile; fileRef = 55880CC317CE4D9700679AB2 /* BATTERY.png */; };
		55880CDA17CE4D9700679AB2 /* BURGLARY.png in Resources */ = {isa = PBXBuildFile; fileRef = 55880CC417CE4D9700679AB2 /* BURGLARY.png */; };
		55880CDB17CE4D9700679AB2 /* CRIMINAL DAMAGE.png in Resources */ = {isa = PBXBuildFile; fileRef = 55880CC517CE4D9700679AB2 /* CRIMINAL DAMAGE.png */; };
		55880CDC17CE4D9700679AB2 /* CRIMINAL TRESPASS.png in Resources */ = {isa = PBXBuildFile; fileRef = 55880CC617CE4D9700679AB2 /* CRIMINAL TRESPASS.png */; };
		55880CDD17CE4D9700679AB2 /* DECEPTIVE PRACTICE.png in Resources */ = {isa = PBXBuildFile; fileRef = 55880CC717CE4D9700679AB2 /* DECEPTIVE PRACTICE.png */; };
		55880CDE17CE4D9700679AB2 /* GAMBLING.png in Resources */ = {isa = PBXBuildFile; fileRef = 55880CC817CE4D9700679AB2 /* GAMBLING.png */; };
		55880CDF17CE4D9700679AB2 /* HOMICIDE.png in Resources */ = {isa = PBXBuildFile; fileRef = 55880CC917CE4D9700679AB2 /* HOMICIDE.png */; };
		55880CE017CE4D9700679AB2 /* INTERFERENCE WITH PUBLIC OFFICER.png in Resources */ = {isa = PBXBuildFile; fileRef = 55880CCA17CE4D9700679AB2 /* INTERFERENCE WITH PUBLIC OFFICER.png */; };
		55880CE117CE4D9700679AB2 /* KIDNAPPING.png in Resources */ = {isa = PBXBuildFile; fileRef = 55880CCB17CE4D9700679AB2 /* KIDNAPPING.png */; };
		55880CE217CE4D9700679AB2 /* LIQUOR LAW VIOLATION.png in Resources */ = {isa = PBXBuildFile; fileRef = 55880CCC17CE4D9700679AB2 /* LIQUOR LAW VIOLATION.png */; };
		55880CE317CE4D9700679AB2 /* MOTOR VEHICLE THEFT.png in Resources */ = {isa = PBXBuildFile; fileRef = 55880CCD17CE4D9700679AB2 /* MOTOR VEHICLE THEFT.png */; };
		55880CE417CE4D9700679AB2 /* NARCOTICS.png in Resources */ = {isa = PBXBuildFile; fileRef = 55880CCE17CE4D9700679AB2 /* NARCOTICS.png */; };
		55880CE517CE4D9700679AB2 /* OFFENSE INVOLVING CHILDREN.png in Resources */ = {isa = PBXBuildFile; fileRef = 55880CCF17CE4D9700679AB2 /* OFFENSE INVOLVING CHILDREN.png */; };
		55880CE617CE4D9700679AB2 /* OTHER OFFENSE.png in Resources */ = {isa = PBXBuildFile; fileRef = 55880CD017CE4D9700679AB2 /* OTHER OFFENSE.png */; };
		55880CE717CE4D9700679AB2 /* PROSTITUTION.png in Resources */ = {isa = PBXBuildFile; fileRef = 55880CD117CE4D9700679AB2 /* PROSTITUTION.png */; };
		55880CE817CE4D9700679AB2 /* PUBLIC PEACE VIOLATION.png in Resources */ = {isa = PBXBuildFile; fileRef = 55880CD217CE4D9700679AB2 /* PUBLIC PEACE VIOLATION.png */; };
		55880CE917CE4D9700679AB2 /* ROBBERY.png in Resources */ = {isa = PBXBuildFile; fileRef = 55880CD317CE4D9700679AB2 /* ROBBERY.png */; };
		55880CEA17CE4D9700679AB2 /* SEX OFFENSE.png in Resources */ = {isa = PBXBuildFile; fileRef = 55880CD417CE4D9700679AB2 /* SEX OFFENSE.png */; };
		55880CEB17CE4D9700679AB2 /* THEFT.png in Resources */ = {isa = PBXBuildFile; fileRef = 55880CD517CE4D9700679AB2 /* THEFT.png */; };
		55880CEC17CE4D9700679AB2 /* WEAPONS VIOLATION.png in Resources */ = {isa = PBXBuildFile; fileRef = 55880CD617CE4D9700679AB2 /* WEAPONS VIOLATION.png */; };
		559AA99F17BD360E00174BA6 /* Crime.m in Sources */ = {isa = PBXBuildFile; fileRef = 559AA99E17BD360E00174BA6 /* Crime.m */; };
		559AA9A217BD38BF00174BA6 /* CoreLocation.framework in Frameworks */ = {isa = PBXBuildFile; fileRef = 559AA9A117BD38BF00174BA6 /* CoreLocation.framework */; };
		55A9CF9517EBDE1E00E7EB10 /* radar.png in Resources */ = {isa = PBXBuildFile; fileRef = 55A9CF9117EBDE1E00E7EB10 /* radar.png */; };
		55A9CF9617EBDE1E00E7EB10 /* radar@2x.png in Resources */ = {isa = PBXBuildFile; fileRef = 55A9CF9217EBDE1E00E7EB10 /* radar@2x.png */; };
		55A9CF9B17EBE4B200E7EB10 /* locButton.png in Resources */ = {isa = PBXBuildFile; fileRef = 55A9CF9917EBE4B200E7EB10 /* locButton.png */; };
		55A9CF9C17EBE4B200E7EB10 /* locButton@2x.png in Resources */ = {isa = PBXBuildFile; fileRef = 55A9CF9A17EBE4B200E7EB10 /* locButton@2x.png */; };
		55A9CFB317EBE67200E7EB10 /* ARSON@2x.png in Resources */ = {isa = PBXBuildFile; fileRef = 55A9CF9D17EBE67200E7EB10 /* ARSON@2x.png */; };
		55A9CFB417EBE67200E7EB10 /* ASSAULT@2x.png in Resources */ = {isa = PBXBuildFile; fileRef = 55A9CF9E17EBE67200E7EB10 /* ASSAULT@2x.png */; };
		55A9CFB517EBE67200E7EB10 /* BATTERY@2x.png in Resources */ = {isa = PBXBuildFile; fileRef = 55A9CF9F17EBE67200E7EB10 /* BATTERY@2x.png */; };
		55A9CFB617EBE67200E7EB10 /* BURGLARY@2x.png in Resources */ = {isa = PBXBuildFile; fileRef = 55A9CFA017EBE67200E7EB10 /* BURGLARY@2x.png */; };
		55A9CFB717EBE67200E7EB10 /* CRIMINAL DAMAGE@2x.png in Resources */ = {isa = PBXBuildFile; fileRef = 55A9CFA117EBE67200E7EB10 /* CRIMINAL DAMAGE@2x.png */; };
		55A9CFB817EBE67200E7EB10 /* CRIMINAL TRESPASS@2x.png in Resources */ = {isa = PBXBuildFile; fileRef = 55A9CFA217EBE67200E7EB10 /* CRIMINAL TRESPASS@2x.png */; };
		55A9CFB917EBE67200E7EB10 /* DECEPTIVE PRACTICE@2x.png in Resources */ = {isa = PBXBuildFile; fileRef = 55A9CFA317EBE67200E7EB10 /* DECEPTIVE PRACTICE@2x.png */; };
		55A9CFBA17EBE67200E7EB10 /* GAMBLING@2x.png in Resources */ = {isa = PBXBuildFile; fileRef = 55A9CFA417EBE67200E7EB10 /* GAMBLING@2x.png */; };
		55A9CFBB17EBE67200E7EB10 /* HOMICIDE@2x.png in Resources */ = {isa = PBXBuildFile; fileRef = 55A9CFA517EBE67200E7EB10 /* HOMICIDE@2x.png */; };
		55A9CFBC17EBE67200E7EB10 /* INTERFERENCE WITH PUBLIC OFFICER@2x.png in Resources */ = {isa = PBXBuildFile; fileRef = 55A9CFA617EBE67200E7EB10 /* INTERFERENCE WITH PUBLIC OFFICER@2x.png */; };
		55A9CFBD17EBE67200E7EB10 /* KIDNAPPING@2x.png in Resources */ = {isa = PBXBuildFile; fileRef = 55A9CFA717EBE67200E7EB10 /* KIDNAPPING@2x.png */; };
		55A9CFBE17EBE67200E7EB10 /* LIQUOR LAW VIOLATION@2x.png in Resources */ = {isa = PBXBuildFile; fileRef = 55A9CFA817EBE67200E7EB10 /* LIQUOR LAW VIOLATION@2x.png */; };
		55A9CFBF17EBE67200E7EB10 /* MOTOR VEHICLE THEFT@2x.png in Resources */ = {isa = PBXBuildFile; fileRef = 55A9CFA917EBE67200E7EB10 /* MOTOR VEHICLE THEFT@2x.png */; };
		55A9CFC017EBE67200E7EB10 /* NARCOTICS@2x.png in Resources */ = {isa = PBXBuildFile; fileRef = 55A9CFAA17EBE67200E7EB10 /* NARCOTICS@2x.png */; };
		55A9CFC117EBE67200E7EB10 /* OFFENSE INVOLVING CHILDREN@2x.png in Resources */ = {isa = PBXBuildFile; fileRef = 55A9CFAB17EBE67200E7EB10 /* OFFENSE INVOLVING CHILDREN@2x.png */; };
		55A9CFC217EBE67200E7EB10 /* OTHER OFFENSE@2x.png in Resources */ = {isa = PBXBuildFile; fileRef = 55A9CFAC17EBE67200E7EB10 /* OTHER OFFENSE@2x.png */; };
		55A9CFC317EBE67200E7EB10 /* PROSTITUTION@2x.png in Resources */ = {isa = PBXBuildFile; fileRef = 55A9CFAD17EBE67200E7EB10 /* PROSTITUTION@2x.png */; };
		55A9CFC417EBE67200E7EB10 /* PUBLIC PEACE VIOLATION@2x.png in Resources */ = {isa = PBXBuildFile; fileRef = 55A9CFAE17EBE67200E7EB10 /* PUBLIC PEACE VIOLATION@2x.png */; };
		55A9CFC517EBE67200E7EB10 /* ROBBERY@2x.png in Resources */ = {isa = PBXBuildFile; fileRef = 55A9CFAF17EBE67200E7EB10 /* ROBBERY@2x.png */; };
		55A9CFC617EBE67200E7EB10 /* SEX OFFENSE@2x.png in Resources */ = {isa = PBXBuildFile; fileRef = 55A9CFB017EBE67200E7EB10 /* SEX OFFENSE@2x.png */; };
		55A9CFC817EBE67200E7EB10 /* WEAPONS VIOLATION@2x.png in Resources */ = {isa = PBXBuildFile; fileRef = 55A9CFB217EBE67200E7EB10 /* WEAPONS VIOLATION@2x.png */; };
		55A9CFCA17EBE6D700E7EB10 /* THEFT@2x.png in Resources */ = {isa = PBXBuildFile; fileRef = 55A9CFC917EBE6D700E7EB10 /* THEFT@2x.png */; };
		55A9CFD517EBE91800E7EB10 /* compassKey.png in Resources */ = {isa = PBXBuildFile; fileRef = 55A9CFD317EBE91800E7EB10 /* compassKey.png */; };
		55A9CFD617EBE91800E7EB10 /* compassKey@2x.png in Resources */ = {isa = PBXBuildFile; fileRef = 55A9CFD417EBE91800E7EB10 /* compassKey@2x.png */; };
		55A9CFD917EBED6100E7EB10 /* whiteOut.png in Resources */ = {isa = PBXBuildFile; fileRef = 55A9CFD717EBED6000E7EB10 /* whiteOut.png */; };
		55A9CFDA17EBED6100E7EB10 /* whiteOut@2x.png in Resources */ = {isa = PBXBuildFile; fileRef = 55A9CFD817EBED6100E7EB10 /* whiteOut@2x.png */; };
		55E52E3917CE7CFD004A117D /* CriMeter-icon-5 2.png in Resources */ = {isa = PBXBuildFile; fileRef = 55E52E3517CE7CA9004A117D /* CriMeter-icon-5 2.png */; };
		55E52E3A17CE7D02004A117D /* CriMeter-icon-5@2x 2.png in Resources */ = {isa = PBXBuildFile; fileRef = 55E52E3717CE7CAC004A117D /* CriMeter-icon-5@2x 2.png */; };
		55F670BE17C3DA7800BBEEAA /* CompassViewController.m in Sources */ = {isa = PBXBuildFile; fileRef = 55F670BD17C3DA7800BBEEAA /* CompassViewController.m */; };
		55F670CC17C3EC3800BBEEAA /* QuartzCore.framework in Frameworks */ = {isa = PBXBuildFile; fileRef = 55F670CB17C3EC3800BBEEAA /* QuartzCore.framework */; };
/* End PBXBuildFile section */

/* Begin PBXFileReference section */
		551D9F1617EBACE50089ED82 /* mapButton.png */ = {isa = PBXFileReference; lastKnownFileType = image.png; name = mapButton.png; path = ../mapButton.png; sourceTree = "<group>"; };
		551D9F1717EBACE50089ED82 /* mapButton@2x.png */ = {isa = PBXFileReference; lastKnownFileType = image.png; name = "mapButton@2x.png"; path = "../mapButton@2x.png"; sourceTree = "<group>"; };
		55291EB717BBD4F700512F2E /* HoodMeter.app */ = {isa = PBXFileReference; explicitFileType = wrapper.application; includeInIndex = 0; path = HoodMeter.app; sourceTree = BUILT_PRODUCTS_DIR; };
		55291EBA17BBD4F700512F2E /* UIKit.framework */ = {isa = PBXFileReference; lastKnownFileType = wrapper.framework; name = UIKit.framework; path = System/Library/Frameworks/UIKit.framework; sourceTree = SDKROOT; };
		55291EBC17BBD4F700512F2E /* Foundation.framework */ = {isa = PBXFileReference; lastKnownFileType = wrapper.framework; name = Foundation.framework; path = System/Library/Frameworks/Foundation.framework; sourceTree = SDKROOT; };
		55291EBE17BBD4F700512F2E /* CoreGraphics.framework */ = {isa = PBXFileReference; lastKnownFileType = wrapper.framework; name = CoreGraphics.framework; path = System/Library/Frameworks/CoreGraphics.framework; sourceTree = SDKROOT; };
		55291EC217BBD4F700512F2E /* HoodMeter-Info.plist */ = {isa = PBXFileReference; lastKnownFileType = text.plist.xml; path = "HoodMeter-Info.plist"; sourceTree = "<group>"; };
		55291EC417BBD4F700512F2E /* en */ = {isa = PBXFileReference; lastKnownFileType = text.plist.strings; name = en; path = en.lproj/InfoPlist.strings; sourceTree = "<group>"; };
		55291EC617BBD4F700512F2E /* main.m */ = {isa = PBXFileReference; lastKnownFileType = sourcecode.c.objc; path = main.m; sourceTree = "<group>"; };
		55291EC817BBD4F700512F2E /* HoodMeter-Prefix.pch */ = {isa = PBXFileReference; lastKnownFileType = sourcecode.c.h; path = "HoodMeter-Prefix.pch"; sourceTree = "<group>"; };
		55291EC917BBD4F700512F2E /* AppDelegate.h */ = {isa = PBXFileReference; lastKnownFileType = sourcecode.c.h; path = AppDelegate.h; sourceTree = "<group>"; };
		55291ECA17BBD4F700512F2E /* AppDelegate.m */ = {isa = PBXFileReference; lastKnownFileType = sourcecode.c.objc; path = AppDelegate.m; sourceTree = "<group>"; };
		55291ECC17BBD4F700512F2E /* Default.png */ = {isa = PBXFileReference; lastKnownFileType = image.png; path = Default.png; sourceTree = "<group>"; };
		55291ECE17BBD4F700512F2E /* Default@2x.png */ = {isa = PBXFileReference; lastKnownFileType = image.png; path = "Default@2x.png"; sourceTree = "<group>"; };
		55291ED017BBD4F700512F2E /* Default-568h@2x.png */ = {isa = PBXFileReference; lastKnownFileType = image.png; path = "Default-568h@2x.png"; sourceTree = "<group>"; };
		55291ED317BBD4F700512F2E /* en */ = {isa = PBXFileReference; lastKnownFileType = file.storyboard; name = en; path = en.lproj/MainStoryboard_iPhone.storyboard; sourceTree = "<group>"; };
		55291ED617BBD4F700512F2E /* en */ = {isa = PBXFileReference; lastKnownFileType = file.storyboard; name = en; path = en.lproj/MainStoryboard_iPad.storyboard; sourceTree = "<group>"; };
		55291ED817BBD4F700512F2E /* ViewController.h */ = {isa = PBXFileReference; lastKnownFileType = sourcecode.c.h; path = ViewController.h; sourceTree = "<group>"; };
		55291ED917BBD4F700512F2E /* ViewController.m */ = {isa = PBXFileReference; lastKnownFileType = sourcecode.c.objc; path = ViewController.m; sourceTree = "<group>"; };
		553CFEDB17BD629000DF6444 /* MapKit.framework */ = {isa = PBXFileReference; lastKnownFileType = wrapper.framework; name = MapKit.framework; path = System/Library/Frameworks/MapKit.framework; sourceTree = SDKROOT; };
		553CFEDD17BD63BF00DF6444 /* CrimeLocation.h */ = {isa = PBXFileReference; fileEncoding = 4; lastKnownFileType = sourcecode.c.h; path = CrimeLocation.h; sourceTree = "<group>"; };
		553CFEDE17BD63BF00DF6444 /* CrimeLocation.m */ = {isa = PBXFileReference; fileEncoding = 4; lastKnownFileType = sourcecode.c.objc; path = CrimeLocation.m; sourceTree = "<group>"; };
		553CFEE017BD65CB00DF6444 /* CrimeMapViewController.h */ = {isa = PBXFileReference; fileEncoding = 4; lastKnownFileType = sourcecode.c.h; path = CrimeMapViewController.h; sourceTree = "<group>"; };
		553CFEE117BD65CB00DF6444 /* CrimeMapViewController.m */ = {isa = PBXFileReference; fileEncoding = 4; lastKnownFileType = sourcecode.c.objc; path = CrimeMapViewController.m; sourceTree = "<group>"; };
		5544468A17C6730700C0974B /* DetailViewController.h */ = {isa = PBXFileReference; fileEncoding = 4; lastKnownFileType = sourcecode.c.h; name = DetailViewController.h; path = ../DetailViewController.h; sourceTree = "<group>"; };
		5544468B17C6730700C0974B /* DetailViewController.m */ = {isa = PBXFileReference; fileEncoding = 4; lastKnownFileType = sourcecode.c.objc; name = DetailViewController.m; path = ../DetailViewController.m; sourceTree = "<group>"; };
		55880CC117CE4D9700679AB2 /* ARSON.png */ = {isa = PBXFileReference; lastKnownFileType = image.png; path = ARSON.png; sourceTree = "<group>"; };
		55880CC217CE4D9700679AB2 /* ASSAULT.png */ = {isa = PBXFileReference; lastKnownFileType = image.png; path = ASSAULT.png; sourceTree = "<group>"; };
		55880CC317CE4D9700679AB2 /* BATTERY.png */ = {isa = PBXFileReference; lastKnownFileType = image.png; path = BATTERY.png; sourceTree = "<group>"; };
		55880CC417CE4D9700679AB2 /* BURGLARY.png */ = {isa = PBXFileReference; lastKnownFileType = image.png; path = BURGLARY.png; sourceTree = "<group>"; };
		55880CC517CE4D9700679AB2 /* CRIMINAL DAMAGE.png */ = {isa = PBXFileReference; lastKnownFileType = image.png; path = "CRIMINAL DAMAGE.png"; sourceTree = "<group>"; };
		55880CC617CE4D9700679AB2 /* CRIMINAL TRESPASS.png */ = {isa = PBXFileReference; lastKnownFileType = image.png; path = "CRIMINAL TRESPASS.png"; sourceTree = "<group>"; };
		55880CC717CE4D9700679AB2 /* DECEPTIVE PRACTICE.png */ = {isa = PBXFileReference; lastKnownFileType = image.png; path = "DECEPTIVE PRACTICE.png"; sourceTree = "<group>"; };
		55880CC817CE4D9700679AB2 /* GAMBLING.png */ = {isa = PBXFileReference; lastKnownFileType = image.png; path = GAMBLING.png; sourceTree = "<group>"; };
		55880CC917CE4D9700679AB2 /* HOMICIDE.png */ = {isa = PBXFileReference; lastKnownFileType = image.png; path = HOMICIDE.png; sourceTree = "<group>"; };
		55880CCA17CE4D9700679AB2 /* INTERFERENCE WITH PUBLIC OFFICER.png */ = {isa = PBXFileReference; lastKnownFileType = image.png; path = "INTERFERENCE WITH PUBLIC OFFICER.png"; sourceTree = "<group>"; };
		55880CCB17CE4D9700679AB2 /* KIDNAPPING.png */ = {isa = PBXFileReference; lastKnownFileType = image.png; path = KIDNAPPING.png; sourceTree = "<group>"; };
		55880CCC17CE4D9700679AB2 /* LIQUOR LAW VIOLATION.png */ = {isa = PBXFileReference; lastKnownFileType = image.png; path = "LIQUOR LAW VIOLATION.png"; sourceTree = "<group>"; };
		55880CCD17CE4D9700679AB2 /* MOTOR VEHICLE THEFT.png */ = {isa = PBXFileReference; lastKnownFileType = image.png; path = "MOTOR VEHICLE THEFT.png"; sourceTree = "<group>"; };
		55880CCE17CE4D9700679AB2 /* NARCOTICS.png */ = {isa = PBXFileReference; lastKnownFileType = image.png; path = NARCOTICS.png; sourceTree = "<group>"; };
		55880CCF17CE4D9700679AB2 /* OFFENSE INVOLVING CHILDREN.png */ = {isa = PBXFileReference; lastKnownFileType = image.png; path = "OFFENSE INVOLVING CHILDREN.png"; sourceTree = "<group>"; };
		55880CD017CE4D9700679AB2 /* OTHER OFFENSE.png */ = {isa = PBXFileReference; lastKnownFileType = image.png; path = "OTHER OFFENSE.png"; sourceTree = "<group>"; };
		55880CD117CE4D9700679AB2 /* PROSTITUTION.png */ = {isa = PBXFileReference; lastKnownFileType = image.png; path = PROSTITUTION.png; sourceTree = "<group>"; };
		55880CD217CE4D9700679AB2 /* PUBLIC PEACE VIOLATION.png */ = {isa = PBXFileReference; lastKnownFileType = image.png; path = "PUBLIC PEACE VIOLATION.png"; sourceTree = "<group>"; };
		55880CD317CE4D9700679AB2 /* ROBBERY.png */ = {isa = PBXFileReference; lastKnownFileType = image.png; path = ROBBERY.png; sourceTree = "<group>"; };
		55880CD417CE4D9700679AB2 /* SEX OFFENSE.png */ = {isa = PBXFileReference; lastKnownFileType = image.png; path = "SEX OFFENSE.png"; sourceTree = "<group>"; };
		55880CD517CE4D9700679AB2 /* THEFT.png */ = {isa = PBXFileReference; lastKnownFileType = image.png; path = THEFT.png; sourceTree = "<group>"; };
		55880CD617CE4D9700679AB2 /* WEAPONS VIOLATION.png */ = {isa = PBXFileReference; lastKnownFileType = image.png; path = "WEAPONS VIOLATION.png"; sourceTree = "<group>"; };
		559AA99D17BD360E00174BA6 /* Crime.h */ = {isa = PBXFileReference; fileEncoding = 4; lastKnownFileType = sourcecode.c.h; name = Crime.h; path = ../Crime.h; sourceTree = "<group>"; };
		559AA99E17BD360E00174BA6 /* Crime.m */ = {isa = PBXFileReference; fileEncoding = 4; lastKnownFileType = sourcecode.c.objc; name = Crime.m; path = ../Crime.m; sourceTree = "<group>"; };
		559AA9A117BD38BF00174BA6 /* CoreLocation.framework */ = {isa = PBXFileReference; lastKnownFileType = wrapper.framework; name = CoreLocation.framework; path = System/Library/Frameworks/CoreLocation.framework; sourceTree = SDKROOT; };
		55A9CF9117EBDE1E00E7EB10 /* radar.png */ = {isa = PBXFileReference; lastKnownFileType = image.png; name = radar.png; path = ../radar.png; sourceTree = "<group>"; };
		55A9CF9217EBDE1E00E7EB10 /* radar@2x.png */ = {isa = PBXFileReference; lastKnownFileType = image.png; name = "radar@2x.png"; path = "../radar@2x.png"; sourceTree = "<group>"; };
		55A9CF9917EBE4B200E7EB10 /* locButton.png */ = {isa = PBXFileReference; lastKnownFileType = image.png; name = locButton.png; path = ../locButton.png; sourceTree = "<group>"; };
		55A9CF9A17EBE4B200E7EB10 /* locButton@2x.png */ = {isa = PBXFileReference; lastKnownFileType = image.png; name = "locButton@2x.png"; path = "../locButton@2x.png"; sourceTree = "<group>"; };
		55A9CF9D17EBE67200E7EB10 /* ARSON@2x.png */ = {isa = PBXFileReference; lastKnownFileType = image.png; path = "ARSON@2x.png"; sourceTree = "<group>"; };
		55A9CF9E17EBE67200E7EB10 /* ASSAULT@2x.png */ = {isa = PBXFileReference; lastKnownFileType = image.png; path = "ASSAULT@2x.png"; sourceTree = "<group>"; };
		55A9CF9F17EBE67200E7EB10 /* BATTERY@2x.png */ = {isa = PBXFileReference; lastKnownFileType = image.png; path = "BATTERY@2x.png"; sourceTree = "<group>"; };
		55A9CFA017EBE67200E7EB10 /* BURGLARY@2x.png */ = {isa = PBXFileReference; lastKnownFileType = image.png; path = "BURGLARY@2x.png"; sourceTree = "<group>"; };
		55A9CFA117EBE67200E7EB10 /* CRIMINAL DAMAGE@2x.png */ = {isa = PBXFileReference; lastKnownFileType = image.png; path = "CRIMINAL DAMAGE@2x.png"; sourceTree = "<group>"; };
		55A9CFA217EBE67200E7EB10 /* CRIMINAL TRESPASS@2x.png */ = {isa = PBXFileReference; lastKnownFileType = image.png; path = "CRIMINAL TRESPASS@2x.png"; sourceTree = "<group>"; };
		55A9CFA317EBE67200E7EB10 /* DECEPTIVE PRACTICE@2x.png */ = {isa = PBXFileReference; lastKnownFileType = image.png; path = "DECEPTIVE PRACTICE@2x.png"; sourceTree = "<group>"; };
		55A9CFA417EBE67200E7EB10 /* GAMBLING@2x.png */ = {isa = PBXFileReference; lastKnownFileType = image.png; path = "GAMBLING@2x.png"; sourceTree = "<group>"; };
		55A9CFA517EBE67200E7EB10 /* HOMICIDE@2x.png */ = {isa = PBXFileReference; lastKnownFileType = image.png; path = "HOMICIDE@2x.png"; sourceTree = "<group>"; };
		55A9CFA617EBE67200E7EB10 /* INTERFERENCE WITH PUBLIC OFFICER@2x.png */ = {isa = PBXFileReference; lastKnownFileType = image.png; path = "INTERFERENCE WITH PUBLIC OFFICER@2x.png"; sourceTree = "<group>"; };
		55A9CFA717EBE67200E7EB10 /* KIDNAPPING@2x.png */ = {isa = PBXFileReference; lastKnownFileType = image.png; path = "KIDNAPPING@2x.png"; sourceTree = "<group>"; };
		55A9CFA817EBE67200E7EB10 /* LIQUOR LAW VIOLATION@2x.png */ = {isa = PBXFileReference; lastKnownFileType = image.png; path = "LIQUOR LAW VIOLATION@2x.png"; sourceTree = "<group>"; };
		55A9CFA917EBE67200E7EB10 /* MOTOR VEHICLE THEFT@2x.png */ = {isa = PBXFileReference; lastKnownFileType = image.png; path = "MOTOR VEHICLE THEFT@2x.png"; sourceTree = "<group>"; };
		55A9CFAA17EBE67200E7EB10 /* NARCOTICS@2x.png */ = {isa = PBXFileReference; lastKnownFileType = image.png; path = "NARCOTICS@2x.png"; sourceTree = "<group>"; };
		55A9CFAB17EBE67200E7EB10 /* OFFENSE INVOLVING CHILDREN@2x.png */ = {isa = PBXFileReference; lastKnownFileType = image.png; path = "OFFENSE INVOLVING CHILDREN@2x.png"; sourceTree = "<group>"; };
		55A9CFAC17EBE67200E7EB10 /* OTHER OFFENSE@2x.png */ = {isa = PBXFileReference; lastKnownFileType = image.png; path = "OTHER OFFENSE@2x.png"; sourceTree = "<group>"; };
		55A9CFAD17EBE67200E7EB10 /* PROSTITUTION@2x.png */ = {isa = PBXFileReference; lastKnownFileType = image.png; path = "PROSTITUTION@2x.png"; sourceTree = "<group>"; };
		55A9CFAE17EBE67200E7EB10 /* PUBLIC PEACE VIOLATION@2x.png */ = {isa = PBXFileReference; lastKnownFileType = image.png; path = "PUBLIC PEACE VIOLATION@2x.png"; sourceTree = "<group>"; };
		55A9CFAF17EBE67200E7EB10 /* ROBBERY@2x.png */ = {isa = PBXFileReference; lastKnownFileType = image.png; path = "ROBBERY@2x.png"; sourceTree = "<group>"; };
		55A9CFB017EBE67200E7EB10 /* SEX OFFENSE@2x.png */ = {isa = PBXFileReference; lastKnownFileType = image.png; path = "SEX OFFENSE@2x.png"; sourceTree = "<group>"; };
		55A9CFB217EBE67200E7EB10 /* WEAPONS VIOLATION@2x.png */ = {isa = PBXFileReference; lastKnownFileType = image.png; path = "WEAPONS VIOLATION@2x.png"; sourceTree = "<group>"; };
		55A9CFC917EBE6D700E7EB10 /* THEFT@2x.png */ = {isa = PBXFileReference; lastKnownFileType = image.png; path = "THEFT@2x.png"; sourceTree = "<group>"; };
		55A9CFD317EBE91800E7EB10 /* compassKey.png */ = {isa = PBXFileReference; lastKnownFileType = image.png; name = compassKey.png; path = ../compassKey.png; sourceTree = "<group>"; };
		55A9CFD417EBE91800E7EB10 /* compassKey@2x.png */ = {isa = PBXFileReference; lastKnownFileType = image.png; name = "compassKey@2x.png"; path = "../compassKey@2x.png"; sourceTree = "<group>"; };
		55A9CFD717EBED6000E7EB10 /* whiteOut.png */ = {isa = PBXFileReference; lastKnownFileType = image.png; name = whiteOut.png; path = ../whiteOut.png; sourceTree = "<group>"; };
		55A9CFD817EBED6100E7EB10 /* whiteOut@2x.png */ = {isa = PBXFileReference; lastKnownFileType = image.png; name = "whiteOut@2x.png"; path = "../whiteOut@2x.png"; sourceTree = "<group>"; };
		55E52E3517CE7CA9004A117D /* CriMeter-icon-5 2.png */ = {isa = PBXFileReference; lastKnownFileType = image.png; name = "CriMeter-icon-5 2.png"; path = "../CriMeter-icon-5 2.png"; sourceTree = "<group>"; };
		55E52E3717CE7CAC004A117D /* CriMeter-icon-5@2x 2.png */ = {isa = PBXFileReference; lastKnownFileType = image.png; name = "CriMeter-icon-5@2x 2.png"; path = "../CriMeter-icon-5@2x 2.png"; sourceTree = "<group>"; };
		55F670BC17C3DA7800BBEEAA /* CompassViewController.h */ = {isa = PBXFileReference; fileEncoding = 4; lastKnownFileType = sourcecode.c.h; path = CompassViewController.h; sourceTree = "<group>"; };
		55F670BD17C3DA7800BBEEAA /* CompassViewController.m */ = {isa = PBXFileReference; fileEncoding = 4; lastKnownFileType = sourcecode.c.objc; path = CompassViewController.m; sourceTree = "<group>"; };
		55F670CB17C3EC3800BBEEAA /* QuartzCore.framework */ = {isa = PBXFileReference; lastKnownFileType = wrapper.framework; name = QuartzCore.framework; path = System/Library/Frameworks/QuartzCore.framework; sourceTree = SDKROOT; };
/* End PBXFileReference section */

/* Begin PBXFrameworksBuildPhase section */
		55291EB417BBD4F700512F2E /* Frameworks */ = {
			isa = PBXFrameworksBuildPhase;
			buildActionMask = 2147483647;
			files = (
				55F670CC17C3EC3800BBEEAA /* QuartzCore.framework in Frameworks */,
				553CFEDC17BD629000DF6444 /* MapKit.framework in Frameworks */,
				559AA9A217BD38BF00174BA6 /* CoreLocation.framework in Frameworks */,
				55291EBB17BBD4F700512F2E /* UIKit.framework in Frameworks */,
				55291EBD17BBD4F700512F2E /* Foundation.framework in Frameworks */,
				55291EBF17BBD4F700512F2E /* CoreGraphics.framework in Frameworks */,
			);
			runOnlyForDeploymentPostprocessing = 0;
		};
/* End PBXFrameworksBuildPhase section */

/* Begin PBXGroup section */
		55291EAE17BBD4F700512F2E = {
			isa = PBXGroup;
			children = (
				55291EC017BBD4F700512F2E /* HoodMeter(prototype) */,
				55291EB917BBD4F700512F2E /* Frameworks */,
				55291EB817BBD4F700512F2E /* Products */,
			);
			sourceTree = "<group>";
		};
		55291EB817BBD4F700512F2E /* Products */ = {
			isa = PBXGroup;
			children = (
				55291EB717BBD4F700512F2E /* HoodMeter.app */,
			);
			name = Products;
			sourceTree = "<group>";
		};
		55291EB917BBD4F700512F2E /* Frameworks */ = {
			isa = PBXGroup;
			children = (
				55F670CB17C3EC3800BBEEAA /* QuartzCore.framework */,
				553CFEDB17BD629000DF6444 /* MapKit.framework */,
				559AA9A117BD38BF00174BA6 /* CoreLocation.framework */,
				55291EBA17BBD4F700512F2E /* UIKit.framework */,
				55291EBC17BBD4F700512F2E /* Foundation.framework */,
				55291EBE17BBD4F700512F2E /* CoreGraphics.framework */,
			);
			name = Frameworks;
			sourceTree = "<group>";
		};
		55291EC017BBD4F700512F2E /* HoodMeter(prototype) */ = {
			isa = PBXGroup;
			children = (
				557E811617C42DE1009EF1BA /* Main Project */,
				557E811517C42D7A009EF1BA /* ViewControllers */,
				559AA9A017BD362E00174BA6 /* Model */,
				55291EC117BBD4F700512F2E /* Supporting Files */,
			);
			path = "HoodMeter(prototype)";
			sourceTree = "<group>";
		};
		55291EC117BBD4F700512F2E /* Supporting Files */ = {
			isa = PBXGroup;
			children = (
				55A9CFD717EBED6000E7EB10 /* whiteOut.png */,
				55A9CFD817EBED6100E7EB10 /* whiteOut@2x.png */,
				55A9CFD317EBE91800E7EB10 /* compassKey.png */,
				55A9CFD417EBE91800E7EB10 /* compassKey@2x.png */,
				55A9CF9917EBE4B200E7EB10 /* locButton.png */,
				55A9CF9A17EBE4B200E7EB10 /* locButton@2x.png */,
				55A9CF9117EBDE1E00E7EB10 /* radar.png */,
				55A9CF9217EBDE1E00E7EB10 /* radar@2x.png */,
				551D9F1617EBACE50089ED82 /* mapButton.png */,
				551D9F1717EBACE50089ED82 /* mapButton@2x.png */,
				55E52E3717CE7CAC004A117D /* CriMeter-icon-5@2x 2.png */,
				55E52E3517CE7CA9004A117D /* CriMeter-icon-5 2.png */,
				55A9CF9D17EBE67200E7EB10 /* ARSON@2x.png */,
				55A9CF9E17EBE67200E7EB10 /* ASSAULT@2x.png */,
				55A9CF9F17EBE67200E7EB10 /* BATTERY@2x.png */,
				55A9CFA017EBE67200E7EB10 /* BURGLARY@2x.png */,
				55A9CFA117EBE67200E7EB10 /* CRIMINAL DAMAGE@2x.png */,
				55A9CFA217EBE67200E7EB10 /* CRIMINAL TRESPASS@2x.png */,
				55A9CFA317EBE67200E7EB10 /* DECEPTIVE PRACTICE@2x.png */,
				55A9CFA417EBE67200E7EB10 /* GAMBLING@2x.png */,
				55A9CFA517EBE67200E7EB10 /* HOMICIDE@2x.png */,
				55A9CFA617EBE67200E7EB10 /* INTERFERENCE WITH PUBLIC OFFICER@2x.png */,
				55A9CFA717EBE67200E7EB10 /* KIDNAPPING@2x.png */,
				55A9CFA817EBE67200E7EB10 /* LIQUOR LAW VIOLATION@2x.png */,
				55A9CFA917EBE67200E7EB10 /* MOTOR VEHICLE THEFT@2x.png */,
				55A9CFAA17EBE67200E7EB10 /* NARCOTICS@2x.png */,
				55A9CFAB17EBE67200E7EB10 /* OFFENSE INVOLVING CHILDREN@2x.png */,
				55A9CFAC17EBE67200E7EB10 /* OTHER OFFENSE@2x.png */,
				55A9CFAD17EBE67200E7EB10 /* PROSTITUTION@2x.png */,
				55A9CFAE17EBE67200E7EB10 /* PUBLIC PEACE VIOLATION@2x.png */,
				55A9CFAF17EBE67200E7EB10 /* ROBBERY@2x.png */,
				55A9CFB017EBE67200E7EB10 /* SEX OFFENSE@2x.png */,
				55A9CFB217EBE67200E7EB10 /* WEAPONS VIOLATION@2x.png */,
				55A9CFC917EBE6D700E7EB10 /* THEFT@2x.png */,
				55880CC117CE4D9700679AB2 /* ARSON.png */,
				55880CC217CE4D9700679AB2 /* ASSAULT.png */,
				55880CC317CE4D9700679AB2 /* BATTERY.png */,
				55880CC417CE4D9700679AB2 /* BURGLARY.png */,
				55880CC517CE4D9700679AB2 /* CRIMINAL DAMAGE.png */,
				55880CC617CE4D9700679AB2 /* CRIMINAL TRESPASS.png */,
				55880CC717CE4D9700679AB2 /* DECEPTIVE PRACTICE.png */,
				55880CC817CE4D9700679AB2 /* GAMBLING.png */,
				55880CC917CE4D9700679AB2 /* HOMICIDE.png */,
				55880CCA17CE4D9700679AB2 /* INTERFERENCE WITH PUBLIC OFFICER.png */,
				55880CCB17CE4D9700679AB2 /* KIDNAPPING.png */,
				55880CCC17CE4D9700679AB2 /* LIQUOR LAW VIOLATION.png */,
				55880CCD17CE4D9700679AB2 /* MOTOR VEHICLE THEFT.png */,
				55880CCE17CE4D9700679AB2 /* NARCOTICS.png */,
				55880CCF17CE4D9700679AB2 /* OFFENSE INVOLVING CHILDREN.png */,
				55880CD017CE4D9700679AB2 /* OTHER OFFENSE.png */,
				55880CD117CE4D9700679AB2 /* PROSTITUTION.png */,
				55880CD217CE4D9700679AB2 /* PUBLIC PEACE VIOLATION.png */,
				55880CD317CE4D9700679AB2 /* ROBBERY.png */,
				55880CD417CE4D9700679AB2 /* SEX OFFENSE.png */,
				55880CD517CE4D9700679AB2 /* THEFT.png */,
				55880CD617CE4D9700679AB2 /* WEAPONS VIOLATION.png */,
				55291EC217BBD4F700512F2E /* HoodMeter-Info.plist */,
				55291EC317BBD4F700512F2E /* InfoPlist.strings */,
				55291EC617BBD4F700512F2E /* main.m */,
				55291EC817BBD4F700512F2E /* HoodMeter-Prefix.pch */,
				55291ECC17BBD4F700512F2E /* Default.png */,
				55291ECE17BBD4F700512F2E /* Default@2x.png */,
				55291ED017BBD4F700512F2E /* Default-568h@2x.png */,
			);
			name = "Supporting Files";
			sourceTree = "<group>";
		};
		557E811517C42D7A009EF1BA /* ViewControllers */ = {
			isa = PBXGroup;
			children = (
				55F670BC17C3DA7800BBEEAA /* CompassViewController.h */,
				55F670BD17C3DA7800BBEEAA /* CompassViewController.m */,
				553CFEE017BD65CB00DF6444 /* CrimeMapViewController.h */,
				553CFEE117BD65CB00DF6444 /* CrimeMapViewController.m */,
				5544468A17C6730700C0974B /* DetailViewController.h */,
				5544468B17C6730700C0974B /* DetailViewController.m */,
				55291ED817BBD4F700512F2E /* ViewController.h */,
				55291ED917BBD4F700512F2E /* ViewController.m */,
			);
			name = ViewControllers;
			sourceTree = "<group>";
		};
		557E811617C42DE1009EF1BA /* Main Project */ = {
			isa = PBXGroup;
			children = (
				55291ECA17BBD4F700512F2E /* AppDelegate.m */,
				55291EC917BBD4F700512F2E /* AppDelegate.h */,
				55291ED217BBD4F700512F2E /* MainStoryboard_iPhone.storyboard */,
				55291ED517BBD4F700512F2E /* MainStoryboard_iPad.storyboard */,
			);
			name = "Main Project";
			sourceTree = "<group>";
		};
		559AA9A017BD362E00174BA6 /* Model */ = {
			isa = PBXGroup;
			children = (
				559AA99D17BD360E00174BA6 /* Crime.h */,
				559AA99E17BD360E00174BA6 /* Crime.m */,
				553CFEDD17BD63BF00DF6444 /* CrimeLocation.h */,
				553CFEDE17BD63BF00DF6444 /* CrimeLocation.m */,
			);
			name = Model;
			sourceTree = "<group>";
		};
/* End PBXGroup section */

/* Begin PBXNativeTarget section */
		55291EB617BBD4F700512F2E /* HoodMeter */ = {
			isa = PBXNativeTarget;
			buildConfigurationList = 55291EDD17BBD4F700512F2E /* Build configuration list for PBXNativeTarget "HoodMeter" */;
			buildPhases = (
				55291EB317BBD4F700512F2E /* Sources */,
				55291EB417BBD4F700512F2E /* Frameworks */,
				55291EB517BBD4F700512F2E /* Resources */,
			);
			buildRules = (
			);
			dependencies = (
			);
			name = HoodMeter;
			productName = "HoodMeter(prototype)";
			productReference = 55291EB717BBD4F700512F2E /* HoodMeter.app */;
			productType = "com.apple.product-type.application";
		};
/* End PBXNativeTarget section */

/* Begin PBXProject section */
		55291EAF17BBD4F700512F2E /* Project object */ = {
			isa = PBXProject;
			attributes = {
				LastUpgradeCheck = 0460;
				ORGANIZATIONNAME = "Umut Kanbak";
				TargetAttributes = {
					55291EB617BBD4F700512F2E = {
						DevelopmentTeam = 7L932ZA7HX;
					};
				};
			};
			buildConfigurationList = 55291EB217BBD4F700512F2E /* Build configuration list for PBXProject "HoodMeter" */;
			compatibilityVersion = "Xcode 3.2";
			developmentRegion = English;
			hasScannedForEncodings = 0;
			knownRegions = (
				en,
			);
			mainGroup = 55291EAE17BBD4F700512F2E;
			productRefGroup = 55291EB817BBD4F700512F2E /* Products */;
			projectDirPath = "";
			projectRoot = "";
			targets = (
				55291EB617BBD4F700512F2E /* HoodMeter */,
			);
		};
/* End PBXProject section */

/* Begin PBXResourcesBuildPhase section */
		55291EB517BBD4F700512F2E /* Resources */ = {
			isa = PBXResourcesBuildPhase;
			buildActionMask = 2147483647;
			files = (
				55A9CFB617EBE67200E7EB10 /* BURGLARY@2x.png in Resources */,
				55A9CFBE17EBE67200E7EB10 /* LIQUOR LAW VIOLATION@2x.png in Resources */,
				55A9CFB317EBE67200E7EB10 /* ARSON@2x.png in Resources */,
				55291EC517BBD4F700512F2E /* InfoPlist.strings in Resources */,
				55A9CFC517EBE67200E7EB10 /* ROBBERY@2x.png in Resources */,
				55A9CFC617EBE67200E7EB10 /* SEX OFFENSE@2x.png in Resources */,
				55291ECD17BBD4F700512F2E /* Default.png in Resources */,
				55A9CFC817EBE67200E7EB10 /* WEAPONS VIOLATION@2x.png in Resources */,
				55A9CFBC17EBE67200E7EB10 /* INTERFERENCE WITH PUBLIC OFFICER@2x.png in Resources */,
				55A9CFB417EBE67200E7EB10 /* ASSAULT@2x.png in Resources */,
				55291ECF17BBD4F700512F2E /* Default@2x.png in Resources */,
				55291ED117BBD4F700512F2E /* Default-568h@2x.png in Resources */,
				55A9CFBD17EBE67200E7EB10 /* KIDNAPPING@2x.png in Resources */,
				55291ED417BBD4F700512F2E /* MainStoryboard_iPhone.storyboard in Resources */,
				55A9CFC417EBE67200E7EB10 /* PUBLIC PEACE VIOLATION@2x.png in Resources */,
				55A9CFD617EBE91800E7EB10 /* compassKey@2x.png in Resources */,
				55291ED717BBD4F700512F2E /* MainStoryboard_iPad.storyboard in Resources */,
				55A9CFB917EBE67200E7EB10 /* DECEPTIVE PRACTICE@2x.png in Resources */,
				55A9CFC117EBE67200E7EB10 /* OFFENSE INVOLVING CHILDREN@2x.png in Resources */,
				55880CD717CE4D9700679AB2 /* ARSON.png in Resources */,
				55880CD817CE4D9700679AB2 /* ASSAULT.png in Resources */,
				55880CD917CE4D9700679AB2 /* BATTERY.png in Resources */,
				55880CDA17CE4D9700679AB2 /* BURGLARY.png in Resources */,
				55A9CFB517EBE67200E7EB10 /* BATTERY@2x.png in Resources */,
				55880CDB17CE4D9700679AB2 /* CRIMINAL DAMAGE.png in Resources */,
				55A9CFDA17EBED6100E7EB10 /* whiteOut@2x.png in Resources */,
				55A9CF9B17EBE4B200E7EB10 /* locButton.png in Resources */,
				55880CDC17CE4D9700679AB2 /* CRIMINAL TRESPASS.png in Resources */,
				55880CDD17CE4D9700679AB2 /* DECEPTIVE PRACTICE.png in Resources */,
				55A9CFC217EBE67200E7EB10 /* OTHER OFFENSE@2x.png in Resources */,
				55880CDE17CE4D9700679AB2 /* GAMBLING.png in Resources */,
				55A9CFBB17EBE67200E7EB10 /* HOMICIDE@2x.png in Resources */,
				55880CDF17CE4D9700679AB2 /* HOMICIDE.png in Resources */,
				55880CE017CE4D9700679AB2 /* INTERFERENCE WITH PUBLIC OFFICER.png in Resources */,
				55880CE117CE4D9700679AB2 /* KIDNAPPING.png in Resources */,
				55A9CFCA17EBE6D700E7EB10 /* THEFT@2x.png in Resources */,
				55880CE217CE4D9700679AB2 /* LIQUOR LAW VIOLATION.png in Resources */,
				55A9CFC017EBE67200E7EB10 /* NARCOTICS@2x.png in Resources */,
				55A9CFBF17EBE67200E7EB10 /* MOTOR VEHICLE THEFT@2x.png in Resources */,
				55880CE317CE4D9700679AB2 /* MOTOR VEHICLE THEFT.png in Resources */,
				55A9CF9C17EBE4B200E7EB10 /* locButton@2x.png in Resources */,
				55A9CFBA17EBE67200E7EB10 /* GAMBLING@2x.png in Resources */,
				55880CE417CE4D9700679AB2 /* NARCOTICS.png in Resources */,
				55880CE517CE4D9700679AB2 /* OFFENSE INVOLVING CHILDREN.png in Resources */,
				55880CE617CE4D9700679AB2 /* OTHER OFFENSE.png in Resources */,
				55A9CF9517EBDE1E00E7EB10 /* radar.png in Resources */,
				55880CE717CE4D9700679AB2 /* PROSTITUTION.png in Resources */,
				55880CE817CE4D9700679AB2 /* PUBLIC PEACE VIOLATION.png in Resources */,
				55880CE917CE4D9700679AB2 /* ROBBERY.png in Resources */,
				55880CEA17CE4D9700679AB2 /* SEX OFFENSE.png in Resources */,
				55A9CFD517EBE91800E7EB10 /* compassKey.png in Resources */,
				55A9CFD917EBED6100E7EB10 /* whiteOut.png in Resources */,
				55880CEB17CE4D9700679AB2 /* THEFT.png in Resources */,
				55880CEC17CE4D9700679AB2 /* WEAPONS VIOLATION.png in Resources */,
				55A9CFC317EBE67200E7EB10 /* PROSTITUTION@2x.png in Resources */,
				55E52E3917CE7CFD004A117D /* CriMeter-icon-5 2.png in Resources */,
				55A9CFB817EBE67200E7EB10 /* CRIMINAL TRESPASS@2x.png in Resources */,
				55A9CF9617EBDE1E00E7EB10 /* radar@2x.png in Resources */,
				55E52E3A17CE7D02004A117D /* CriMeter-icon-5@2x 2.png in Resources */,
				55A9CFB717EBE67200E7EB10 /* CRIMINAL DAMAGE@2x.png in Resources */,
			);
			runOnlyForDeploymentPostprocessing = 0;
		};
/* End PBXResourcesBuildPhase section */

/* Begin PBXSourcesBuildPhase section */
		55291EB317BBD4F700512F2E /* Sources */ = {
			isa = PBXSourcesBuildPhase;
			buildActionMask = 2147483647;
			files = (
				55291EC717BBD4F700512F2E /* main.m in Sources */,
				55291ECB17BBD4F700512F2E /* AppDelegate.m in Sources */,
				55291EDA17BBD4F700512F2E /* ViewController.m in Sources */,
				559AA99F17BD360E00174BA6 /* Crime.m in Sources */,
				553CFEDF17BD63BF00DF6444 /* CrimeLocation.m in Sources */,
				553CFEE217BD65CB00DF6444 /* CrimeMapViewController.m in Sources */,
				55F670BE17C3DA7800BBEEAA /* CompassViewController.m in Sources */,
				5544468C17C6730700C0974B /* DetailViewController.m in Sources */,
			);
			runOnlyForDeploymentPostprocessing = 0;
		};
/* End PBXSourcesBuildPhase section */

/* Begin PBXVariantGroup section */
		55291EC317BBD4F700512F2E /* InfoPlist.strings */ = {
			isa = PBXVariantGroup;
			children = (
				55291EC417BBD4F700512F2E /* en */,
			);
			name = InfoPlist.strings;
			sourceTree = "<group>";
		};
		55291ED217BBD4F700512F2E /* MainStoryboard_iPhone.storyboard */ = {
			isa = PBXVariantGroup;
			children = (
				55291ED317BBD4F700512F2E /* en */,
			);
			name = MainStoryboard_iPhone.storyboard;
			sourceTree = "<group>";
		};
		55291ED517BBD4F700512F2E /* MainStoryboard_iPad.storyboard */ = {
			isa = PBXVariantGroup;
			children = (
				55291ED617BBD4F700512F2E /* en */,
			);
			name = MainStoryboard_iPad.storyboard;
			sourceTree = "<group>";
		};
/* End PBXVariantGroup section */

/* Begin XCBuildConfiguration section */
		55291EDB17BBD4F700512F2E /* Debug */ = {
			isa = XCBuildConfiguration;
			buildSettings = {
				ALWAYS_SEARCH_USER_PATHS = NO;
				CLANG_CXX_LANGUAGE_STANDARD = "gnu++0x";
				CLANG_CXX_LIBRARY = "libc++";
				CLANG_ENABLE_OBJC_ARC = YES;
				CLANG_WARN_CONSTANT_CONVERSION = YES;
				CLANG_WARN_EMPTY_BODY = YES;
				CLANG_WARN_ENUM_CONVERSION = YES;
				CLANG_WARN_INT_CONVERSION = YES;
				CLANG_WARN__DUPLICATE_METHOD_MATCH = YES;
				CODE_SIGN_IDENTITY = "iPhone Developer: Umut KANBAK (ZBLDDTMZ62)";
				"CODE_SIGN_IDENTITY[sdk=iphoneos*]" = "iPhone Developer: Umut KANBAK (ZBLDDTMZ62)";
				COPY_PHASE_STRIP = NO;
				GCC_C_LANGUAGE_STANDARD = gnu99;
				GCC_DYNAMIC_NO_PIC = NO;
				GCC_OPTIMIZATION_LEVEL = 0;
				GCC_PREPROCESSOR_DEFINITIONS = (
					"DEBUG=1",
					"$(inherited)",
				);
				GCC_SYMBOLS_PRIVATE_EXTERN = NO;
				GCC_WARN_ABOUT_RETURN_TYPE = YES;
				GCC_WARN_UNINITIALIZED_AUTOS = YES;
				GCC_WARN_UNUSED_VARIABLE = YES;
				IPHONEOS_DEPLOYMENT_TARGET = 6.1;
				ONLY_ACTIVE_ARCH = YES;
				PROVISIONING_PROFILE = "C3B662E8-DC31-4F98-B8C1-D5FDAE0DF324";
				"PROVISIONING_PROFILE[sdk=iphoneos*]" = "C3B662E8-DC31-4F98-B8C1-D5FDAE0DF324";
				SDKROOT = iphoneos;
				TARGETED_DEVICE_FAMILY = 1;
			};
			name = Debug;
		};
		55291EDC17BBD4F700512F2E /* Release */ = {
			isa = XCBuildConfiguration;
			buildSettings = {
				ALWAYS_SEARCH_USER_PATHS = NO;
				CLANG_CXX_LANGUAGE_STANDARD = "gnu++0x";
				CLANG_CXX_LIBRARY = "libc++";
				CLANG_ENABLE_OBJC_ARC = YES;
				CLANG_WARN_CONSTANT_CONVERSION = YES;
				CLANG_WARN_EMPTY_BODY = YES;
				CLANG_WARN_ENUM_CONVERSION = YES;
				CLANG_WARN_INT_CONVERSION = YES;
				CLANG_WARN__DUPLICATE_METHOD_MATCH = YES;
				CODE_SIGN_IDENTITY = "iPhone Distribution: Umut KANBAK (7L932ZA7HX)";
				"CODE_SIGN_IDENTITY[sdk=iphoneos*]" = "iPhone Distribution: Umut KANBAK (7L932ZA7HX)";
				COPY_PHASE_STRIP = YES;
				GCC_C_LANGUAGE_STANDARD = gnu99;
				GCC_WARN_ABOUT_RETURN_TYPE = YES;
				GCC_WARN_UNINITIALIZED_AUTOS = YES;
				GCC_WARN_UNUSED_VARIABLE = YES;
				IPHONEOS_DEPLOYMENT_TARGET = 6.1;
				OTHER_CFLAGS = "-DNS_BLOCK_ASSERTIONS=1";
				PROVISIONING_PROFILE = "5BCC6947-2C55-4884-8976-204071ABE04B";
				"PROVISIONING_PROFILE[sdk=iphoneos*]" = "5BCC6947-2C55-4884-8976-204071ABE04B";
				SDKROOT = iphoneos;
				TARGETED_DEVICE_FAMILY = 1;
				VALIDATE_PRODUCT = YES;
			};
			name = Release;
		};
		55291EDE17BBD4F700512F2E /* Debug */ = {
			isa = XCBuildConfiguration;
			buildSettings = {
				CODE_SIGN_IDENTITY = "iPhone Developer: Umut KANBAK (ZBLDDTMZ62)";
				"CODE_SIGN_IDENTITY[sdk=iphoneos*]" = "iPhone Developer: Umut KANBAK (ZBLDDTMZ62)";
				GCC_PRECOMPILE_PREFIX_HEADER = YES;
				GCC_PREFIX_HEADER = "HoodMeter(prototype)/HoodMeter-Prefix.pch";
				GCC_TREAT_WARNINGS_AS_ERRORS = YES;
				INFOPLIST_FILE = "HoodMeter(prototype)/HoodMeter-Info.plist";
				PRODUCT_NAME = HoodMeter;
				PROVISIONING_PROFILE = "C89BDDD8-5023-48AE-AD06-5C4A0863A437";
				"PROVISIONING_PROFILE[sdk=iphoneos*]" = "C89BDDD8-5023-48AE-AD06-5C4A0863A437";
				SDKROOT = iphoneos7.0;
				TARGETED_DEVICE_FAMILY = 1;
				WARNING_CFLAGS = "-Wall";
				WRAPPER_EXTENSION = app;
			};
			name = Debug;
		};
		55291EDF17BBD4F700512F2E /* Release */ = {
			isa = XCBuildConfiguration;
			buildSettings = {
				CODE_SIGN_IDENTITY = "iPhone Developer: Umut KANBAK (ZBLDDTMZ62)";
				"CODE_SIGN_IDENTITY[sdk=iphoneos*]" = "iPhone Developer";
				GCC_PRECOMPILE_PREFIX_HEADER = YES;
				GCC_PREFIX_HEADER = "HoodMeter(prototype)/HoodMeter-Prefix.pch";
				GCC_TREAT_WARNINGS_AS_ERRORS = YES;
				INFOPLIST_FILE = "HoodMeter(prototype)/HoodMeter-Info.plist";
				PRODUCT_NAME = HoodMeter;
				PROVISIONING_PROFILE = "5BCC6947-2C55-4884-8976-204071ABE04B";
				"PROVISIONING_PROFILE[sdk=iphoneos*]" = "5BCC6947-2C55-4884-8976-204071ABE04B";
				SDKROOT = iphoneos7.0;
				TARGETED_DEVICE_FAMILY = 1;
				WARNING_CFLAGS = "-Wall";
				WRAPPER_EXTENSION = app;
			};
			name = Release;
		};
/* End XCBuildConfiguration section */

/* Begin XCConfigurationList section */
		55291EB217BBD4F700512F2E /* Build configuration list for PBXProject "HoodMeter" */ = {
			isa = XCConfigurationList;
			buildConfigurations = (
				55291EDB17BBD4F700512F2E /* Debug */,
				55291EDC17BBD4F700512F2E /* Release */,
			);
			defaultConfigurationIsVisible = 0;
			defaultConfigurationName = Release;
		};
		55291EDD17BBD4F700512F2E /* Build configuration list for PBXNativeTarget "HoodMeter" */ = {
			isa = XCConfigurationList;
			buildConfigurations = (
				55291EDE17BBD4F700512F2E /* Debug */,
				55291EDF17BBD4F700512F2E /* Release */,
			);
			defaultConfigurationIsVisible = 0;
			defaultConfigurationName = Release;
		};
/* End XCConfigurationList section */
	};
	rootObject = 55291EAF17BBD4F700512F2E /* Project object */;
}
